
Microsoft Visual Studio Solution File, Format Version 12.00
# Visual Studio 2017
Project("{FAE04EC0-301F-11D3-BF4B-00C04F79EFBC}") = "Vcase", "Vcase.csproj", "{E8FA5BDD-3EE2-1756-C55E-2D56D3832721}"
EndProject
Project("{FAE04EC0-301F-11D3-BF4B-00C04F79EFBC}") = "Vcase.Editor", "Vcase.Editor.csproj", "{CE31ACD9-9AB0-3976-12C4-F2270540D27F}"
EndProject
Global
	GlobalSection(SolutionConfigurationPlatforms) = preSolution
		Debug|Any CPU = Debug|Any CPU
		Release|Any CPU = Release|Any CPU
	EndGlobalSection
	GlobalSection(ProjectConfigurationPlatforms) = postSolution
		{E8FA5BDD-3EE2-1756-C55E-2D56D3832721}.Debug|Any CPU.ActiveCfg = Debug|Any CPU
		{E8FA5BDD-3EE2-1756-C55E-2D56D3832721}.Debug|Any CPU.Build.0 = Debug|Any CPU
		{E8FA5BDD-3EE2-1756-C55E-2D56D3832721}.Release|Any CPU.ActiveCfg = Release|Any CPU
		{E8FA5BDD-3EE2-1756-C55E-2D56D3832721}.Release|Any CPU.Build.0 = Release|Any CPU
		{CE31ACD9-9AB0-3976-12C4-F2270540D27F}.Debug|Any CPU.ActiveCfg = Debug|Any CPU
		{CE31ACD9-9AB0-3976-12C4-F2270540D27F}.Debug|Any CPU.Build.0 = Debug|Any CPU
		{CE31ACD9-9AB0-3976-12C4-F2270540D27F}.Release|Any CPU.ActiveCfg = Release|Any CPU
		{CE31ACD9-9AB0-3976-12C4-F2270540D27F}.Release|Any CPU.Build.0 = Release|Any CPU
	EndGlobalSection
	GlobalSection(SolutionProperties) = preSolution
		HideSolutionNode = FALSE
	EndGlobalSection
EndGlobal
